
Microsoft Visual Studio Solution File, Format Version 12.00
# Visual Studio Version 17
VisualStudioVersion = 17.9.34723.18
MinimumVisualStudioVersion = 10.0.40219.1
Project("{9A19103F-16F7-4668-BE54-9A1E7A4F7556}") = "BookManagement.Api", "BookManagement.Api\BookManagement.Api.csproj", "{83F64783-9AE5-47C6-959E-1BB185B3EEFC}"
EndProject
Project("{9A19103F-16F7-4668-BE54-9A1E7A4F7556}") = "BookManagement.Domain", "BookManagement.Domain\BookManagement.Domain.csproj", "{28623072-2888-4493-BE6E-B3607C73CAC4}"
EndProject
Project("{9A19103F-16F7-4668-BE54-9A1E7A4F7556}") = "BookManagement.Infrastructure", "BookManagement.Infrastructure\BookManagement.Infrastructure.csproj", "{E872AE4C-FFE4-4DFA-BF78-ED03588CE53E}"
EndProject
Project("{9A19103F-16F7-4668-BE54-9A1E7A4F7556}") = "BookManagement.Application", "BookManagement.Application\BookManagement.Application.csproj", "{9C4716DA-F4D0-45D0-A079-3A66ED7FEEA6}"
EndProject
Project("{9A19103F-16F7-4668-BE54-9A1E7A4F7556}") = "BookManagement.Contracts", "BookManagement.Contracts\BookManagement.Contracts.csproj", "{480634EF-8C2C-462A-A881-7CE88F78ECFC}"
EndProject
Project("{FAE04EC0-301F-11D3-BF4B-00C04F79EFBC}") = "BookManagement.Tests", "BookManagement.Tests\BookManagement.Tests.csproj", "{263A25D7-8FF6-404B-AB17-F1E2F0C0F79B}"
EndProject
Global
	GlobalSection(SolutionConfigurationPlatforms) = preSolution
		Debug|Any CPU = Debug|Any CPU
		Release|Any CPU = Release|Any CPU
	EndGlobalSection
	GlobalSection(ProjectConfigurationPlatforms) = postSolution
		{83F64783-9AE5-47C6-959E-1BB185B3EEFC}.Debug|Any CPU.ActiveCfg = Debug|Any CPU
		{83F64783-9AE5-47C6-959E-1BB185B3EEFC}.Debug|Any CPU.Build.0 = Debug|Any CPU
		{83F64783-9AE5-47C6-959E-1BB185B3EEFC}.Release|Any CPU.ActiveCfg = Release|Any CPU
		{83F64783-9AE5-47C6-959E-1BB185B3EEFC}.Release|Any CPU.Build.0 = Release|Any CPU
		{28623072-2888-4493-BE6E-B3607C73CAC4}.Debug|Any CPU.ActiveCfg = Debug|Any CPU
		{28623072-2888-4493-BE6E-B3607C73CAC4}.Debug|Any CPU.Build.0 = Debug|Any CPU
		{28623072-2888-4493-BE6E-B3607C73CAC4}.Release|Any CPU.ActiveCfg = Release|Any CPU
		{28623072-2888-4493-BE6E-B3607C73CAC4}.Release|Any CPU.Build.0 = Release|Any CPU
		{E872AE4C-FFE4-4DFA-BF78-ED03588CE53E}.Debug|Any CPU.ActiveCfg = Debug|Any CPU
		{E872AE4C-FFE4-4DFA-BF78-ED03588CE53E}.Debug|Any CPU.Build.0 = Debug|Any CPU
		{E872AE4C-FFE4-4DFA-BF78-ED03588CE53E}.Release|Any CPU.ActiveCfg = Release|Any CPU
		{E872AE4C-FFE4-4DFA-BF78-ED03588CE53E}.Release|Any CPU.Build.0 = Release|Any CPU
		{9C4716DA-F4D0-45D0-A079-3A66ED7FEEA6}.Debug|Any CPU.ActiveCfg = Debug|Any CPU
		{9C4716DA-F4D0-45D0-A079-3A66ED7FEEA6}.Debug|Any CPU.Build.0 = Debug|Any CPU
		{9C4716DA-F4D0-45D0-A079-3A66ED7FEEA6}.Release|Any CPU.ActiveCfg = Release|Any CPU
		{9C4716DA-F4D0-45D0-A079-3A66ED7FEEA6}.Release|Any CPU.Build.0 = Release|Any CPU
		{480634EF-8C2C-462A-A881-7CE88F78ECFC}.Debug|Any CPU.ActiveCfg = Debug|Any CPU
		{480634EF-8C2C-462A-A881-7CE88F78ECFC}.Debug|Any CPU.Build.0 = Debug|Any CPU
		{480634EF-8C2C-462A-A881-7CE88F78ECFC}.Release|Any CPU.ActiveCfg = Release|Any CPU
		{480634EF-8C2C-462A-A881-7CE88F78ECFC}.Release|Any CPU.Build.0 = Release|Any CPU
		{263A25D7-8FF6-404B-AB17-F1E2F0C0F79B}.Debug|Any CPU.ActiveCfg = Debug|Any CPU
		{263A25D7-8FF6-404B-AB17-F1E2F0C0F79B}.Debug|Any CPU.Build.0 = Debug|Any CPU
		{263A25D7-8FF6-404B-AB17-F1E2F0C0F79B}.Release|Any CPU.ActiveCfg = Release|Any CPU
		{263A25D7-8FF6-404B-AB17-F1E2F0C0F79B}.Release|Any CPU.Build.0 = Release|Any CPU
	EndGlobalSection
	GlobalSection(SolutionProperties) = preSolution
		HideSolutionNode = FALSE
	EndGlobalSection
	GlobalSection(ExtensibilityGlobals) = postSolution
		SolutionGuid = {592340C2-4ACB-43AC-A0C4-317E03764118}
	EndGlobalSection
EndGlobal
